
Microsoft Visual Studio Solution File, Format Version 12.00
# Visual Studio Version 17
VisualStudioVersion = 17.0.31903.59
MinimumVisualStudioVersion = 10.0.40219.1
Project("{2150E333-8FDC-42A3-9474-1A3956D46DE8}") = "src", "src", "{827E0CD3-B72D-47B6-A68D-7590B98EB39B}"
EndProject
Project("{FAE04EC0-301F-11D3-BF4B-00C04F79EFBC}") = "HeroParser", "src\HeroParser\HeroParser.csproj", "{C2B5F65A-8724-4AD7-838D-4E338C48CE19}"
EndProject
Project("{2150E333-8FDC-42A3-9474-1A3956D46DE8}") = "tests", "tests", "{0AB3BF05-4346-4AA6-1389-037BE0695223}"
EndProject
Project("{FAE04EC0-301F-11D3-BF4B-00C04F79EFBC}") = "HeroParser.UnitTests", "tests\HeroParser.UnitTests\HeroParser.UnitTests.csproj", "{41A37312-9CA5-4C71-9CF2-DA870CCA5541}"
EndProject
Project("{FAE04EC0-301F-11D3-BF4B-00C04F79EFBC}") = "HeroParser.BenchmarkTests", "tests\HeroParser.BenchmarkTests\HeroParser.BenchmarkTests.csproj", "{FEC360A9-7E81-44B3-903E-A9B7E9754C60}"
EndProject
Project("{FAE04EC0-301F-11D3-BF4B-00C04F79EFBC}") = "HeroParser.ComplianceTests", "tests\HeroParser.ComplianceTests\HeroParser.ComplianceTests.csproj", "{FC2C048C-D4EB-4D2B-A6B2-818768978021}"
EndProject
Project("{FAE04EC0-301F-11D3-BF4B-00C04F79EFBC}") = "HeroParser.IntegrationTests", "tests\HeroParser.IntegrationTests\HeroParser.IntegrationTests.csproj", "{A7543988-36DD-4D04-A57F-74429355004C}"
EndProject
Global
	GlobalSection(SolutionConfigurationPlatforms) = preSolution
		Debug|Any CPU = Debug|Any CPU
		Debug|x64 = Debug|x64
		Debug|x86 = Debug|x86
		Release|Any CPU = Release|Any CPU
		Release|x64 = Release|x64
		Release|x86 = Release|x86
	EndGlobalSection
	GlobalSection(ProjectConfigurationPlatforms) = postSolution
		{C2B5F65A-8724-4AD7-838D-4E338C48CE19}.Debug|Any CPU.ActiveCfg = Debug|Any CPU
		{C2B5F65A-8724-4AD7-838D-4E338C48CE19}.Debug|Any CPU.Build.0 = Debug|Any CPU
		{C2B5F65A-8724-4AD7-838D-4E338C48CE19}.Debug|x64.ActiveCfg = Debug|Any CPU
		{C2B5F65A-8724-4AD7-838D-4E338C48CE19}.Debug|x64.Build.0 = Debug|Any CPU
		{C2B5F65A-8724-4AD7-838D-4E338C48CE19}.Debug|x86.ActiveCfg = Debug|Any CPU
		{C2B5F65A-8724-4AD7-838D-4E338C48CE19}.Debug|x86.Build.0 = Debug|Any CPU
		{C2B5F65A-8724-4AD7-838D-4E338C48CE19}.Release|Any CPU.ActiveCfg = Release|Any CPU
		{C2B5F65A-8724-4AD7-838D-4E338C48CE19}.Release|Any CPU.Build.0 = Release|Any CPU
		{C2B5F65A-8724-4AD7-838D-4E338C48CE19}.Release|x64.ActiveCfg = Release|Any CPU
		{C2B5F65A-8724-4AD7-838D-4E338C48CE19}.Release|x64.Build.0 = Release|Any CPU
		{C2B5F65A-8724-4AD7-838D-4E338C48CE19}.Release|x86.ActiveCfg = Release|Any CPU
		{C2B5F65A-8724-4AD7-838D-4E338C48CE19}.Release|x86.Build.0 = Release|Any CPU
		{41A37312-9CA5-4C71-9CF2-DA870CCA5541}.Debug|Any CPU.ActiveCfg = Debug|Any CPU
		{41A37312-9CA5-4C71-9CF2-DA870CCA5541}.Debug|Any CPU.Build.0 = Debug|Any CPU
		{41A37312-9CA5-4C71-9CF2-DA870CCA5541}.Debug|x64.ActiveCfg = Debug|Any CPU
		{41A37312-9CA5-4C71-9CF2-DA870CCA5541}.Debug|x64.Build.0 = Debug|Any CPU
		{41A37312-9CA5-4C71-9CF2-DA870CCA5541}.Debug|x86.ActiveCfg = Debug|Any CPU
		{41A37312-9CA5-4C71-9CF2-DA870CCA5541}.Debug|x86.Build.0 = Debug|Any CPU
		{41A37312-9CA5-4C71-9CF2-DA870CCA5541}.Release|Any CPU.ActiveCfg = Release|Any CPU
		{41A37312-9CA5-4C71-9CF2-DA870CCA5541}.Release|Any CPU.Build.0 = Release|Any CPU
		{41A37312-9CA5-4C71-9CF2-DA870CCA5541}.Release|x64.ActiveCfg = Release|Any CPU
		{41A37312-9CA5-4C71-9CF2-DA870CCA5541}.Release|x64.Build.0 = Release|Any CPU
		{41A37312-9CA5-4C71-9CF2-DA870CCA5541}.Release|x86.ActiveCfg = Release|Any CPU
		{41A37312-9CA5-4C71-9CF2-DA870CCA5541}.Release|x86.Build.0 = Release|Any CPU
		{FEC360A9-7E81-44B3-903E-A9B7E9754C60}.Debug|Any CPU.ActiveCfg = Debug|Any CPU
		{FEC360A9-7E81-44B3-903E-A9B7E9754C60}.Debug|Any CPU.Build.0 = Debug|Any CPU
		{FEC360A9-7E81-44B3-903E-A9B7E9754C60}.Debug|x64.ActiveCfg = Debug|Any CPU
		{FEC360A9-7E81-44B3-903E-A9B7E9754C60}.Debug|x64.Build.0 = Debug|Any CPU
		{FEC360A9-7E81-44B3-903E-A9B7E9754C60}.Debug|x86.ActiveCfg = Debug|Any CPU
		{FEC360A9-7E81-44B3-903E-A9B7E9754C60}.Debug|x86.Build.0 = Debug|Any CPU
		{FEC360A9-7E81-44B3-903E-A9B7E9754C60}.Release|Any CPU.ActiveCfg = Release|Any CPU
		{FEC360A9-7E81-44B3-903E-A9B7E9754C60}.Release|Any CPU.Build.0 = Release|Any CPU
		{FEC360A9-7E81-44B3-903E-A9B7E9754C60}.Release|x64.ActiveCfg = Release|Any CPU
		{FEC360A9-7E81-44B3-903E-A9B7E9754C60}.Release|x64.Build.0 = Release|Any CPU
		{FEC360A9-7E81-44B3-903E-A9B7E9754C60}.Release|x86.ActiveCfg = Release|Any CPU
		{FEC360A9-7E81-44B3-903E-A9B7E9754C60}.Release|x86.Build.0 = Release|Any CPU
		{FC2C048C-D4EB-4D2B-A6B2-818768978021}.Debug|Any CPU.ActiveCfg = Debug|Any CPU
		{FC2C048C-D4EB-4D2B-A6B2-818768978021}.Debug|Any CPU.Build.0 = Debug|Any CPU
		{FC2C048C-D4EB-4D2B-A6B2-818768978021}.Debug|x64.ActiveCfg = Debug|Any CPU
		{FC2C048C-D4EB-4D2B-A6B2-818768978021}.Debug|x64.Build.0 = Debug|Any CPU
		{FC2C048C-D4EB-4D2B-A6B2-818768978021}.Debug|x86.ActiveCfg = Debug|Any CPU
		{FC2C048C-D4EB-4D2B-A6B2-818768978021}.Debug|x86.Build.0 = Debug|Any CPU
		{FC2C048C-D4EB-4D2B-A6B2-818768978021}.Release|Any CPU.ActiveCfg = Release|Any CPU
		{FC2C048C-D4EB-4D2B-A6B2-818768978021}.Release|Any CPU.Build.0 = Release|Any CPU
		{FC2C048C-D4EB-4D2B-A6B2-818768978021}.Release|x64.ActiveCfg = Release|Any CPU
		{FC2C048C-D4EB-4D2B-A6B2-818768978021}.Release|x64.Build.0 = Release|Any CPU
		{FC2C048C-D4EB-4D2B-A6B2-818768978021}.Release|x86.ActiveCfg = Release|Any CPU
		{FC2C048C-D4EB-4D2B-A6B2-818768978021}.Release|x86.Build.0 = Release|Any CPU
		{A7543988-36DD-4D04-A57F-74429355004C}.Debug|Any CPU.ActiveCfg = Debug|Any CPU
		{A7543988-36DD-4D04-A57F-74429355004C}.Debug|Any CPU.Build.0 = Debug|Any CPU
		{A7543988-36DD-4D04-A57F-74429355004C}.Debug|x64.ActiveCfg = Debug|Any CPU
		{A7543988-36DD-4D04-A57F-74429355004C}.Debug|x64.Build.0 = Debug|Any CPU
		{A7543988-36DD-4D04-A57F-74429355004C}.Debug|x86.ActiveCfg = Debug|Any CPU
		{A7543988-36DD-4D04-A57F-74429355004C}.Debug|x86.Build.0 = Debug|Any CPU
		{A7543988-36DD-4D04-A57F-74429355004C}.Release|Any CPU.ActiveCfg = Release|Any CPU
		{A7543988-36DD-4D04-A57F-74429355004C}.Release|Any CPU.Build.0 = Release|Any CPU
		{A7543988-36DD-4D04-A57F-74429355004C}.Release|x64.ActiveCfg = Release|Any CPU
		{A7543988-36DD-4D04-A57F-74429355004C}.Release|x64.Build.0 = Release|Any CPU
		{A7543988-36DD-4D04-A57F-74429355004C}.Release|x86.ActiveCfg = Release|Any CPU
		{A7543988-36DD-4D04-A57F-74429355004C}.Release|x86.Build.0 = Release|Any CPU
	EndGlobalSection
	GlobalSection(SolutionProperties) = preSolution
		HideSolutionNode = FALSE
	EndGlobalSection
	GlobalSection(NestedProjects) = preSolution
		{C2B5F65A-8724-4AD7-838D-4E338C48CE19} = {827E0CD3-B72D-47B6-A68D-7590B98EB39B}
		{41A37312-9CA5-4C71-9CF2-DA870CCA5541} = {0AB3BF05-4346-4AA6-1389-037BE0695223}
		{FEC360A9-7E81-44B3-903E-A9B7E9754C60} = {0AB3BF05-4346-4AA6-1389-037BE0695223}
		{FC2C048C-D4EB-4D2B-A6B2-818768978021} = {0AB3BF05-4346-4AA6-1389-037BE0695223}
		{A7543988-36DD-4D04-A57F-74429355004C} = {0AB3BF05-4346-4AA6-1389-037BE0695223}
	EndGlobalSection
EndGlobal
